
Microsoft Visual Studio Solution File, Format Version 12.00
# Visual Studio 15
VisualStudioVersion = 15.0.28307.329
MinimumVisualStudioVersion = 10.0.40219.1
Project("{FAE04EC0-301F-11D3-BF4B-00C04F79EFBC}") = "CircuitLogic", "Eindopdracht_DesignPatterns\CircuitLogic.csproj", "{279507D8-5857-4BE2-9FE3-05452D37D398}"
EndProject
Project("{FAE04EC0-301F-11D3-BF4B-00C04F79EFBC}") = "CuircuitXamlVisualizer", "CuircuitVisualizer\CuircuitXamlVisualizer.csproj", "{C528BF39-CE7B-4A24-9C73-F53B6EA0819F}"
EndProject
Project("{FAE04EC0-301F-11D3-BF4B-00C04F79EFBC}") = "CircuitConsoleVisualizer", "CircuitConsoleVisualizer\CircuitConsoleVisualizer.csproj", "{5EDFF505-D7B6-4762-A2C1-00ECE1410A74}"
EndProject
Global
	GlobalSection(SolutionConfigurationPlatforms) = preSolution
		Debug|Any CPU = Debug|Any CPU
		Release|Any CPU = Release|Any CPU
	EndGlobalSection
	GlobalSection(ProjectConfigurationPlatforms) = postSolution
		{279507D8-5857-4BE2-9FE3-05452D37D398}.Debug|Any CPU.ActiveCfg = Debug|Any CPU
		{279507D8-5857-4BE2-9FE3-05452D37D398}.Debug|Any CPU.Build.0 = Debug|Any CPU
		{279507D8-5857-4BE2-9FE3-05452D37D398}.Release|Any CPU.ActiveCfg = Release|Any CPU
		{279507D8-5857-4BE2-9FE3-05452D37D398}.Release|Any CPU.Build.0 = Release|Any CPU
		{C528BF39-CE7B-4A24-9C73-F53B6EA0819F}.Debug|Any CPU.ActiveCfg = Debug|Any CPU
		{C528BF39-CE7B-4A24-9C73-F53B6EA0819F}.Debug|Any CPU.Build.0 = Debug|Any CPU
		{C528BF39-CE7B-4A24-9C73-F53B6EA0819F}.Release|Any CPU.ActiveCfg = Release|Any CPU
		{C528BF39-CE7B-4A24-9C73-F53B6EA0819F}.Release|Any CPU.Build.0 = Release|Any CPU
		{5EDFF505-D7B6-4762-A2C1-00ECE1410A74}.Debug|Any CPU.ActiveCfg = Debug|Any CPU
		{5EDFF505-D7B6-4762-A2C1-00ECE1410A74}.Debug|Any CPU.Build.0 = Debug|Any CPU
		{5EDFF505-D7B6-4762-A2C1-00ECE1410A74}.Release|Any CPU.ActiveCfg = Release|Any CPU
		{5EDFF505-D7B6-4762-A2C1-00ECE1410A74}.Release|Any CPU.Build.0 = Release|Any CPU
	EndGlobalSection
	GlobalSection(SolutionProperties) = preSolution
		HideSolutionNode = FALSE
	EndGlobalSection
	GlobalSection(ExtensibilityGlobals) = postSolution
		SolutionGuid = {D9912F51-8F43-4EAF-83CB-15A5E01786E1}
	EndGlobalSection
EndGlobal
